
Microsoft Visual Studio Solution File, Format Version 12.00
# Visual Studio 15
VisualStudioVersion = 15.0.27004.2009
MinimumVisualStudioVersion = 10.0.40219.1
Project("{9A19103F-16F7-4668-BE54-9A1E7A4F7556}") = "AppInsightsDemo", "AppInsightsDemo\AppInsightsDemo.csproj", "{7297FBB6-A0DB-4B9C-ADD2-C3D5850272D9}"
EndProject
Project("{FAE04EC0-301F-11D3-BF4B-00C04F79EFBC}") = "LoadTests", "LoadTests\LoadTests.csproj", "{81A900DD-E795-49D7-955E-DB7F1A503707}"
EndProject
Project("{2150E333-8FDC-42A3-9474-1A3956D46DE8}") = "Solution Items", "Solution Items", "{3E1F3997-0BDE-40F1-9BB6-1ECD7C9B3122}"
	ProjectSection(SolutionItems) = preProject
		Local.testsettings = Local.testsettings
	EndProjectSection
EndProject
Global
	GlobalSection(SolutionConfigurationPlatforms) = preSolution
		Debug|Any CPU = Debug|Any CPU
		Release|Any CPU = Release|Any CPU
	EndGlobalSection
	GlobalSection(ProjectConfigurationPlatforms) = postSolution
		{7297FBB6-A0DB-4B9C-ADD2-C3D5850272D9}.Debug|Any CPU.ActiveCfg = Debug|Any CPU
		{7297FBB6-A0DB-4B9C-ADD2-C3D5850272D9}.Debug|Any CPU.Build.0 = Debug|Any CPU
		{7297FBB6-A0DB-4B9C-ADD2-C3D5850272D9}.Release|Any CPU.ActiveCfg = Release|Any CPU
		{7297FBB6-A0DB-4B9C-ADD2-C3D5850272D9}.Release|Any CPU.Build.0 = Release|Any CPU
		{81A900DD-E795-49D7-955E-DB7F1A503707}.Debug|Any CPU.ActiveCfg = Debug|Any CPU
		{81A900DD-E795-49D7-955E-DB7F1A503707}.Debug|Any CPU.Build.0 = Debug|Any CPU
		{81A900DD-E795-49D7-955E-DB7F1A503707}.Release|Any CPU.ActiveCfg = Release|Any CPU
		{81A900DD-E795-49D7-955E-DB7F1A503707}.Release|Any CPU.Build.0 = Release|Any CPU
	EndGlobalSection
	GlobalSection(SolutionProperties) = preSolution
		HideSolutionNode = FALSE
	EndGlobalSection
	GlobalSection(ExtensibilityGlobals) = postSolution
		SolutionGuid = {D126E16F-B854-4A21-AD0B-2FEA0E153B9D}
	EndGlobalSection
EndGlobal
